{
  "originHash" : "50fbde08d602f864b135774cb988c5f750a02d0183edeb69f753c228811062ca",
  "pins" : [
    {
      "identity" : "pathkit",
      "kind" : "remoteSourceControl",
      "location" : "https://github.com/MFB-Technologies-Inc/PathKit.git",
      "state" : {
        "revision" : "fec0f80a3c613551a440d708a4959ecb9d935476",
        "version" : "1.0.2"
      }
    }
  ],
  "version" : 3
}
